{
  "requires": true,
  "lockfileVersion": 1,
  "dependencies": {
    "@angular/animations": {
      "version": "8.2.6",
      "resolved": "https://registry.npmjs.org/@angular/animations/-/animations-8.2.6.tgz",
      "integrity": "sha512-beakpSjzF+bP2jCDmeGHwSim04u9x1Uf3dCFAj1CqRwJGb8POpUA1KlnGrEm2pzWzHKVqQH6VQ+8uGPLl17PFA==",
      "requires": {
        "tslib": "^1.9.0"
      }
    },
    "@angular/cdk": {
      "version": "8.2.0",
      "resolved": "https://registry.npmjs.org/@angular/cdk/-/cdk-8.2.0.tgz",
      "integrity": "sha512-vsjKiUirICP9fTxnBT3jjqW14ipZLJPkyT3dKZQETKcml1fTY1L9QVXclvLTeUliuPSl490anuBvpQpfMeJDhQ==",
      "requires": {
        "parse5": "^5.0.0",
        "tslib": "^1.7.1"
      }
    },
    "@angular/material": {
      "version": "8.2.0",
      "resolved": "https://registry.npmjs.org/@angular/material/-/material-8.2.0.tgz",
      "integrity": "sha512-4EY3QilEXS09+10WYwkunEltReuPDByb2ulWw2FLG3wpmMpCp4p6AKY9v9xS3sGvb708S0b9vlfLG4FbepmBbA==",
      "requires": {
        "tslib": "^1.7.1"
      }
    },
    "parse5": {
      "version": "5.1.0",
      "resolved": "https://registry.npmjs.org/parse5/-/parse5-5.1.0.tgz",
      "integrity": "sha512-fxNG2sQjHvlVAYmzBZS9YlDp6PTSSDwa98vkD4QgVDDCAo84z5X1t5XyJQ62ImdLXx5NdIIfihey6xpum9/gRQ=="
    },
    "tslib": {
      "version": "1.10.0",
      "resolved": "https://registry.npmjs.org/tslib/-/tslib-1.10.0.tgz",
      "integrity": "sha512-qOebF53frne81cf0S9B41ByenJ3/IuH8yJKngAX35CmiZySA0khhkovshKK+jGCaMnVomla7gVlIcc3EvKPbTQ=="
    }
  }
}
